name: "Do Not Merge Label Blocker"

on:
  pull_request:
    types: [labeled, unlabeled, opened]

jobs:
  do-not-merge-block:
    if: contains(github.event.pull_request.labels.*.name, 'do-not-merge')
    runs-on: ubuntu-latest
    steps:
      - name: Fail if 'do-not-merge' label is present
        run: |
          echo "The 'do-not-merge' label is present. Remove to succeed the job."
          exit 1